
Microsoft Visual Studio Solution File, Format Version 12.00
# Visual Studio Version 17
VisualStudioVersion = 17.4.33213.308
MinimumVisualStudioVersion = 10.0.40219.1
Project("{FAE04EC0-301F-11D3-BF4B-00C04F79EFBC}") = "SallesWebProject", "SallesWebProject\SallesWebProject.csproj", "{C5BA38F6-C32C-4E80-9342-F08FC54B4D7F}"
EndProject
Global
	GlobalSection(SolutionConfigurationPlatforms) = preSolution
		Debug|Any CPU = Debug|Any CPU
		Release|Any CPU = Release|Any CPU
	EndGlobalSection
	GlobalSection(ProjectConfigurationPlatforms) = postSolution
		{C5BA38F6-C32C-4E80-9342-F08FC54B4D7F}.Debug|Any CPU.ActiveCfg = Debug|Any CPU
		{C5BA38F6-C32C-4E80-9342-F08FC54B4D7F}.Debug|Any CPU.Build.0 = Debug|Any CPU
		{C5BA38F6-C32C-4E80-9342-F08FC54B4D7F}.Release|Any CPU.ActiveCfg = Release|Any CPU
		{C5BA38F6-C32C-4E80-9342-F08FC54B4D7F}.Release|Any CPU.Build.0 = Release|Any CPU
	EndGlobalSection
	GlobalSection(SolutionProperties) = preSolution
		HideSolutionNode = FALSE
	EndGlobalSection
	GlobalSection(ExtensibilityGlobals) = postSolution
		SolutionGuid = {C1B8F38D-5BB6-4B2B-B827-DBF7DFBA0C7C}
	EndGlobalSection
EndGlobal
